// !$*UTF8*$!
{
	archiveVersion = 1;
	classes = {
	};
	objectVersion = 46;
	objects = {

/* Begin PBXBuildFile section */
		C3F6A1211A0837F900C0786F /* main.m in Sources */ = {isa = PBXBuildFile; fileRef = C3F6A1201A0837F900C0786F /* main.m */; };
		C3F6A1241A0837F900C0786F /* AppDelegate.m in Sources */ = {isa = PBXBuildFile; fileRef = C3F6A1231A0837F900C0786F /* AppDelegate.m */; };
		C3F6A1271A0837F900C0786F /* FindDr.xcdatamodeld in Sources */ = {isa = PBXBuildFile; fileRef = C3F6A1251A0837F900C0786F /* FindDr.xcdatamodeld */; };
		C3F6A12A1A0837F900C0786F /* ViewController.m in Sources */ = {isa = PBXBuildFile; fileRef = C3F6A1291A0837F900C0786F /* ViewController.m */; };
		C3F6A12D1A0837F900C0786F /* Main.storyboard in Resources */ = {isa = PBXBuildFile; fileRef = C3F6A12B1A0837F900C0786F /* Main.storyboard */; };
		C3F6A12F1A0837F900C0786F /* Images.xcassets in Resources */ = {isa = PBXBuildFile; fileRef = C3F6A12E1A0837F900C0786F /* Images.xcassets */; };
		C3F6A1321A0837F900C0786F /* LaunchScreen.xib in Resources */ = {isa = PBXBuildFile; fileRef = C3F6A1301A0837F900C0786F /* LaunchScreen.xib */; };
		C3F6A13E1A0837F900C0786F /* FindDrTests.m in Sources */ = {isa = PBXBuildFile; fileRef = C3F6A13D1A0837F900C0786F /* FindDrTests.m */; };
/* End PBXBuildFile section */

/* Begin PBXContainerItemProxy section */
		C3F6A1381A0837F900C0786F /* PBXContainerItemProxy */ = {
			isa = PBXContainerItemProxy;
			containerPortal = C3F6A1131A0837F900C0786F /* Project object */;
			proxyType = 1;
			remoteGlobalIDString = C3F6A11A1A0837F900C0786F;
			remoteInfo = FindDr;
		};
/* End PBXContainerItemProxy section */

/* Begin PBXFileReference section */
		C3F6A11B1A0837F900C0786F /* FindDr.app */ = {isa = PBXFileReference; explicitFileType = wrapper.application; includeInIndex = 0; path = FindDr.app; sourceTree = BUILT_PRODUCTS_DIR; };
		C3F6A11F1A0837F900C0786F /* Info.plist */ = {isa = PBXFileReference; lastKnownFileType = text.plist.xml; path = Info.plist; sourceTree = "<group>"; };
		C3F6A1201A0837F900C0786F /* main.m */ = {isa = PBXFileReference; lastKnownFileType = sourcecode.c.objc; path = main.m; sourceTree = "<group>"; };
		C3F6A1221A0837F900C0786F /* AppDelegate.h */ = {isa = PBXFileReference; lastKnownFileType = sourcecode.c.h; path = AppDelegate.h; sourceTree = "<group>"; };
		C3F6A1231A0837F900C0786F /* AppDelegate.m */ = {isa = PBXFileReference; lastKnownFileType = sourcecode.c.objc; path = AppDelegate.m; sourceTree = "<group>"; };
		C3F6A1261A0837F900C0786F /* FindDr.xcdatamodel */ = {isa = PBXFileReference; lastKnownFileType = wrapper.xcdatamodel; path = FindDr.xcdatamodel; sourceTree = "<group>"; };
		C3F6A1281A0837F900C0786F /* ViewController.h */ = {isa = PBXFileReference; lastKnownFileType = sourcecode.c.h; path = ViewController.h; sourceTree = "<group>"; };
		C3F6A1291A0837F900C0786F /* ViewController.m */ = {isa = PBXFileReference; lastKnownFileType = sourcecode.c.objc; path = ViewController.m; sourceTree = "<group>"; };
		C3F6A12C1A0837F900C0786F /* Base */ = {isa = PBXFileReference; lastKnownFileType = file.storyboard; name = Base; path = Base.lproj/Main.storyboard; sourceTree = "<group>"; };
		C3F6A12E1A0837F900C0786F /* Images.xcassets */ = {isa = PBXFileReference; lastKnownFileType = folder.assetcatalog; path = Images.xcassets; sourceTree = "<group>"; };
		C3F6A1311A0837F900C0786F /* Base */ = {isa = PBXFileReference; lastKnownFileType = file.xib; name = Base; path = Base.lproj/LaunchScreen.xib; sourceTree = "<group>"; };
		C3F6A1371A0837F900C0786F /* FindDrTests.xctest */ = {isa = PBXFileReference; explicitFileType = wrapper.cfbundle; includeInIndex = 0; path = FindDrTests.xctest; sourceTree = BUILT_PRODUCTS_DIR; };
		C3F6A13C1A0837F900C0786F /* Info.plist */ = {isa = PBXFileReference; lastKnownFileType = text.plist.xml; path = Info.plist; sourceTree = "<group>"; };
		C3F6A13D1A0837F900C0786F /* FindDrTests.m */ = {isa = PBXFileReference; lastKnownFileType = sourcecode.c.objc; path = FindDrTests.m; sourceTree = "<group>"; };
/* End PBXFileReference section */

/* Begin PBXFrameworksBuildPhase section */
		C3F6A1181A0837F900C0786F /* Frameworks */ = {
			isa = PBXFrameworksBuildPhase;
			buildActionMask = 2147483647;
			files = (
			);
			runOnlyForDeploymentPostprocessing = 0;
		};
		C3F6A1341A0837F900C0786F /* Frameworks */ = {
			isa = PBXFrameworksBuildPhase;
			buildActionMask = 2147483647;
			files = (
			);
			runOnlyForDeploymentPostprocessing = 0;
		};
/* End PBXFrameworksBuildPhase section */

/* Begin PBXGroup section */
		C3F6A1121A0837F900C0786F = {
			isa = PBXGroup;
			children = (
				C3F6A11D1A0837F900C0786F /* FindDr */,
				C3F6A13A1A0837F900C0786F /* FindDrTests */,
				C3F6A11C1A0837F900C0786F /* Products */,
			);
			sourceTree = "<group>";
		};
		C3F6A11C1A0837F900C0786F /* Products */ = {
			isa = PBXGroup;
			children = (
				C3F6A11B1A0837F900C0786F /* FindDr.app */,
				C3F6A1371A0837F900C0786F /* FindDrTests.xctest */,
			);
			name = Products;
			sourceTree = "<group>";
		};
		C3F6A11D1A0837F900C0786F /* FindDr */ = {
			isa = PBXGroup;
			children = (
				C3F6A1221A0837F900C0786F /* AppDelegate.h */,
				C3F6A1231A0837F900C0786F /* AppDelegate.m */,
				C3F6A1281A0837F900C0786F /* ViewController.h */,
				C3F6A1291A0837F900C0786F /* ViewController.m */,
				C3F6A12B1A0837F900C0786F /* Main.storyboard */,
				C3F6A12E1A0837F900C0786F /* Images.xcassets */,
				C3F6A1301A0837F900C0786F /* LaunchScreen.xib */,
				C3F6A1251A0837F900C0786F /* FindDr.xcdatamodeld */,
				C3F6A11E1A0837F900C0786F /* Supporting Files */,
			);
			path = FindDr;
			sourceTree = "<group>";
		};
		C3F6A11E1A0837F900C0786F /* Supporting Files */ = {
			isa = PBXGroup;
			children = (
				C3F6A11F1A0837F900C0786F /* Info.plist */,
				C3F6A1201A0837F900C0786F /* main.m */,
			);
			name = "Supporting Files";
			sourceTree = "<group>";
		};
		C3F6A13A1A0837F900C0786F /* FindDrTests */ = {
			isa = PBXGroup;
			children = (
				C3F6A13D1A0837F900C0786F /* FindDrTests.m */,
				C3F6A13B1A0837F900C0786F /* Supporting Files */,
			);
			path = FindDrTests;
			sourceTree = "<group>";
		};
		C3F6A13B1A0837F900C0786F /* Supporting Files */ = {
			isa = PBXGroup;
			children = (
				C3F6A13C1A0837F900C0786F /* Info.plist */,
			);
			name = "Supporting Files";
			sourceTree = "<group>";
		};
/* End PBXGroup section */

/* Begin PBXNativeTarget section */
		C3F6A11A1A0837F900C0786F /* FindDr */ = {
			isa = PBXNativeTarget;
			buildConfigurationList = C3F6A1411A0837F900C0786F /* Build configuration list for PBXNativeTarget "FindDr" */;
			buildPhases = (
				C3F6A1171A0837F900C0786F /* Sources */,
				C3F6A1181A0837F900C0786F /* Frameworks */,
				C3F6A1191A0837F900C0786F /* Resources */,
			);
			buildRules = (
			);
			dependencies = (
			);
			name = FindDr;
			productName = FindDr;
			productReference = C3F6A11B1A0837F900C0786F /* FindDr.app */;
			productType = "com.apple.product-type.application";
		};
		C3F6A1361A0837F900C0786F /* FindDrTests */ = {
			isa = PBXNativeTarget;
			buildConfigurationList = C3F6A1441A0837F900C0786F /* Build configuration list for PBXNativeTarget "FindDrTests" */;
			buildPhases = (
				C3F6A1331A0837F900C0786F /* Sources */,
				C3F6A1341A0837F900C0786F /* Frameworks */,
				C3F6A1351A0837F900C0786F /* Resources */,
			);
			buildRules = (
			);
			dependencies = (
				C3F6A1391A0837F900C0786F /* PBXTargetDependency */,
			);
			name = FindDrTests;
			productName = FindDrTests;
			productReference = C3F6A1371A0837F900C0786F /* FindDrTests.xctest */;
			productType = "com.apple.product-type.bundle.unit-test";
		};
/* End PBXNativeTarget section */

/* Begin PBXProject section */
		C3F6A1131A0837F900C0786F /* Project object */ = {
			isa = PBXProject;
			attributes = {
				LastUpgradeCheck = 0610;
				ORGANIZATIONNAME = "Find Doctor";
				TargetAttributes = {
					C3F6A11A1A0837F900C0786F = {
						CreatedOnToolsVersion = 6.1;
					};
					C3F6A1361A0837F900C0786F = {
						CreatedOnToolsVersion = 6.1;
						TestTargetID = C3F6A11A1A0837F900C0786F;
					};
				};
			};
			buildConfigurationList = C3F6A1161A0837F900C0786F /* Build configuration list for PBXProject "FindDr" */;
			compatibilityVersion = "Xcode 3.2";
			developmentRegion = English;
			hasScannedForEncodings = 0;
			knownRegions = (
				en,
				Base,
			);
			mainGroup = C3F6A1121A0837F900C0786F;
			productRefGroup = C3F6A11C1A0837F900C0786F /* Products */;
			projectDirPath = "";
			projectRoot = "";
			targets = (
				C3F6A11A1A0837F900C0786F /* FindDr */,
				C3F6A1361A0837F900C0786F /* FindDrTests */,
			);
		};
/* End PBXProject section */

/* Begin PBXResourcesBuildPhase section */
		C3F6A1191A0837F900C0786F /* Resources */ = {
			isa = PBXResourcesBuildPhase;
			buildActionMask = 2147483647;
			files = (
				C3F6A12D1A0837F900C0786F /* Main.storyboard in Resources */,
				C3F6A1321A0837F900C0786F /* LaunchScreen.xib in Resources */,
				C3F6A12F1A0837F900C0786F /* Images.xcassets in Resources */,
			);
			runOnlyForDeploymentPostprocessing = 0;
		};
		C3F6A1351A0837F900C0786F /* Resources */ = {
			isa = PBXResourcesBuildPhase;
			buildActionMask = 2147483647;
			files = (
			);
			runOnlyForDeploymentPostprocessing = 0;
		};
/* End PBXResourcesBuildPhase section */

/* Begin PBXSourcesBuildPhase section */
		C3F6A1171A0837F900C0786F /* Sources */ = {
			isa = PBXSourcesBuildPhase;
			buildActionMask = 2147483647;
			files = (
				C3F6A1241A0837F900C0786F /* AppDelegate.m in Sources */,
				C3F6A1211A0837F900C0786F /* main.m in Sources */,
				C3F6A12A1A0837F900C0786F /* ViewController.m in Sources */,
				C3F6A1271A0837F900C0786F /* FindDr.xcdatamodeld in Sources */,
			);
			runOnlyForDeploymentPostprocessing = 0;
		};
		C3F6A1331A0837F900C0786F /* Sources */ = {
			isa = PBXSourcesBuildPhase;
			buildActionMask = 2147483647;
			files = (
				C3F6A13E1A0837F900C0786F /* FindDrTests.m in Sources */,
			);
			runOnlyForDeploymentPostprocessing = 0;
		};
/* End PBXSourcesBuildPhase section */

/* Begin PBXTargetDependency section */
		C3F6A1391A0837F900C0786F /* PBXTargetDependency */ = {
			isa = PBXTargetDependency;
			target = C3F6A11A1A0837F900C0786F /* FindDr */;
			targetProxy = C3F6A1381A0837F900C0786F /* PBXContainerItemProxy */;
		};
/* End PBXTargetDependency section */

/* Begin PBXVariantGroup section */
		C3F6A12B1A0837F900C0786F /* Main.storyboard */ = {
			isa = PBXVariantGroup;
			children = (
				C3F6A12C1A0837F900C0786F /* Base */,
			);
			name = Main.storyboard;
			sourceTree = "<group>";
		};
		C3F6A1301A0837F900C0786F /* LaunchScreen.xib */ = {
			isa = PBXVariantGroup;
			children = (
				C3F6A1311A0837F900C0786F /* Base */,
			);
			name = LaunchScreen.xib;
			sourceTree = "<group>";
		};
/* End PBXVariantGroup section */

/* Begin XCBuildConfiguration section */
		C3F6A13F1A0837F900C0786F /* Debug */ = {
			isa = XCBuildConfiguration;
			buildSettings = {
				ALWAYS_SEARCH_USER_PATHS = NO;
				CLANG_CXX_LANGUAGE_STANDARD = "gnu++0x";
				CLANG_CXX_LIBRARY = "libc++";
				CLANG_ENABLE_MODULES = YES;
				CLANG_ENABLE_OBJC_ARC = YES;
				CLANG_WARN_BOOL_CONVERSION = YES;
				CLANG_WARN_CONSTANT_CONVERSION = YES;
				CLANG_WARN_DIRECT_OBJC_ISA_USAGE = YES_ERROR;
				CLANG_WARN_EMPTY_BODY = YES;
				CLANG_WARN_ENUM_CONVERSION = YES;
				CLANG_WARN_INT_CONVERSION = YES;
				CLANG_WARN_OBJC_ROOT_CLASS = YES_ERROR;
				CLANG_WARN_UNREACHABLE_CODE = YES;
				CLANG_WARN__DUPLICATE_METHOD_MATCH = YES;
				"CODE_SIGN_IDENTITY[sdk=iphoneos*]" = "iPhone Developer";
				COPY_PHASE_STRIP = NO;
				ENABLE_STRICT_OBJC_MSGSEND = YES;
				GCC_C_LANGUAGE_STANDARD = gnu99;
				GCC_DYNAMIC_NO_PIC = NO;
				GCC_OPTIMIZATION_LEVEL = 0;
				GCC_PREPROCESSOR_DEFINITIONS = (
					"DEBUG=1",
					"$(inherited)",
				);
				GCC_SYMBOLS_PRIVATE_EXTERN = NO;
				GCC_WARN_64_TO_32_BIT_CONVERSION = YES;
				GCC_WARN_ABOUT_RETURN_TYPE = YES_ERROR;
				GCC_WARN_UNDECLARED_SELECTOR = YES;
				GCC_WARN_UNINITIALIZED_AUTOS = YES_AGGRESSIVE;
				GCC_WARN_UNUSED_FUNCTION = YES;
				GCC_WARN_UNUSED_VARIABLE = YES;
				IPHONEOS_DEPLOYMENT_TARGET = 8.1;
				MTL_ENABLE_DEBUG_INFO = YES;
				ONLY_ACTIVE_ARCH = YES;
				SDKROOT = iphoneos;
			};
			name = Debug;
		};
		C3F6A1401A0837F900C0786F /* Release */ = {
			isa = XCBuildConfiguration;
			buildSettings = {
				ALWAYS_SEARCH_USER_PATHS = NO;
				CLANG_CXX_LANGUAGE_STANDARD = "gnu++0x";
				CLANG_CXX_LIBRARY = "libc++";
				CLANG_ENABLE_MODULES = YES;
				CLANG_ENABLE_OBJC_ARC = YES;
				CLANG_WARN_BOOL_CONVERSION = YES;
				CLANG_WARN_CONSTANT_CONVERSION = YES;
				CLANG_WARN_DIRECT_OBJC_ISA_USAGE = YES_ERROR;
				CLANG_WARN_EMPTY_BODY = YES;
				CLANG_WARN_ENUM_CONVERSION = YES;
				CLANG_WARN_INT_CONVERSION = YES;
				CLANG_WARN_OBJC_ROOT_CLASS = YES_ERROR;
				CLANG_WARN_UNREACHABLE_CODE = YES;
				CLANG_WARN__DUPLICATE_METHOD_MATCH = YES;
				"CODE_SIGN_IDENTITY[sdk=iphoneos*]" = "iPhone Developer";
				COPY_PHASE_STRIP = YES;
				ENABLE_NS_ASSERTIONS = NO;
				ENABLE_STRICT_OBJC_MSGSEND = YES;
				GCC_C_LANGUAGE_STANDARD = gnu99;
				GCC_WARN_64_TO_32_BIT_CONVERSION = YES;
				GCC_WARN_ABOUT_RETURN_TYPE = YES_ERROR;
				GCC_WARN_UNDECLARED_SELECTOR = YES;
				GCC_WARN_UNINITIALIZED_AUTOS = YES_AGGRESSIVE;
				GCC_WARN_UNUSED_FUNCTION = YES;
				GCC_WARN_UNUSED_VARIABLE = YES;
				IPHONEOS_DEPLOYMENT_TARGET = 8.1;
				MTL_ENABLE_DEBUG_INFO = NO;
				SDKROOT = iphoneos;
				VALIDATE_PRODUCT = YES;
			};
			name = Release;
		};
		C3F6A1421A0837F900C0786F /* Debug */ = {
			isa = XCBuildConfiguration;
			buildSettings = {
				ASSETCATALOG_COMPILER_APPICON_NAME = AppIcon;
				INFOPLIST_FILE = FindDr/Info.plist;
				LD_RUNPATH_SEARCH_PATHS = "$(inherited) @executable_path/Frameworks";
				PRODUCT_NAME = "$(TARGET_NAME)";
			};
			name = Debug;
		};
		C3F6A1431A0837F900C0786F /* Release */ = {
			isa = XCBuildConfiguration;
			buildSettings = {
				ASSETCATALOG_COMPILER_APPICON_NAME = AppIcon;
				INFOPLIST_FILE = FindDr/Info.plist;
				LD_RUNPATH_SEARCH_PATHS = "$(inherited) @executable_path/Frameworks";
				PRODUCT_NAME = "$(TARGET_NAME)";
			};
			name = Release;
		};
		C3F6A1451A0837F900C0786F /* Debug */ = {
			isa = XCBuildConfiguration;
			buildSettings = {
				BUNDLE_LOADER = "$(TEST_HOST)";
				FRAMEWORK_SEARCH_PATHS = (
					"$(SDKROOT)/Developer/Library/Frameworks",
					"$(inherited)",
				);
				GCC_PREPROCESSOR_DEFINITIONS = (
					"DEBUG=1",
					"$(inherited)",
				);
				INFOPLIST_FILE = FindDrTests/Info.plist;
				LD_RUNPATH_SEARCH_PATHS = "$(inherited) @executable_path/Frameworks @loader_path/Frameworks";
				PRODUCT_NAME = "$(TARGET_NAME)";
				TEST_HOST = "$(BUILT_PRODUCTS_DIR)/FindDr.app/FindDr";
			};
			name = Debug;
		};
		C3F6A1461A0837F900C0786F /* Release */ = {
			isa = XCBuildConfiguration;
			buildSettings = {
				BUNDLE_LOADER = "$(TEST_HOST)";
				FRAMEWORK_SEARCH_PATHS = (
					"$(SDKROOT)/Developer/Library/Frameworks",
					"$(inherited)",
				);
				INFOPLIST_FILE = FindDrTests/Info.plist;
				LD_RUNPATH_SEARCH_PATHS = "$(inherited) @executable_path/Frameworks @loader_path/Frameworks";
				PRODUCT_NAME = "$(TARGET_NAME)";
				TEST_HOST = "$(BUILT_PRODUCTS_DIR)/FindDr.app/FindDr";
			};
			name = Release;
		};
/* End XCBuildConfiguration section */

/* Begin XCConfigurationList section */
		C3F6A1161A0837F900C0786F /* Build configuration list for PBXProject "FindDr" */ = {
			isa = XCConfigurationList;
			buildConfigurations = (
				C3F6A13F1A0837F900C0786F /* Debug */,
				C3F6A1401A0837F900C0786F /* Release */,
			);
			defaultConfigurationIsVisible = 0;
			defaultConfigurationName = Release;
		};
		C3F6A1411A0837F900C0786F /* Build configuration list for PBXNativeTarget "FindDr" */ = {
			isa = XCConfigurationList;
			buildConfigurations = (
				C3F6A1421A0837F900C0786F /* Debug */,
				C3F6A1431A0837F900C0786F /* Release */,
			);
			defaultConfigurationIsVisible = 0;
		};
		C3F6A1441A0837F900C0786F /* Build configuration list for PBXNativeTarget "FindDrTests" */ = {
			isa = XCConfigurationList;
			buildConfigurations = (
				C3F6A1451A0837F900C0786F /* Debug */,
				C3F6A1461A0837F900C0786F /* Release */,
			);
			defaultConfigurationIsVisible = 0;
		};
/* End XCConfigurationList section */

/* Begin XCVersionGroup section */
		C3F6A1251A0837F900C0786F /* FindDr.xcdatamodeld */ = {
			isa = XCVersionGroup;
			children = (
				C3F6A1261A0837F900C0786F /* FindDr.xcdatamodel */,
			);
			currentVersion = C3F6A1261A0837F900C0786F /* FindDr.xcdatamodel */;
			path = FindDr.xcdatamodeld;
			sourceTree = "<group>";
			versionGroupType = wrapper.xcdatamodel;
		};
/* End XCVersionGroup section */
	};
	rootObject = C3F6A1131A0837F900C0786F /* Project object */;
}
