// !$*UTF8*$!
{
	archiveVersion = 1;
	classes = {
	};
	objectVersion = 46;
	objects = {

/* Begin PBXBuildFile section */
		A51313F31A13F6500079FFFE /* CalendarCell.swift in Sources */ = {isa = PBXBuildFile; fileRef = A51313F11A13F6500079FFFE /* CalendarCell.swift */; };
		A51313F41A13F6500079FFFE /* CallendarViewController.swift in Sources */ = {isa = PBXBuildFile; fileRef = A51313F21A13F6500079FFFE /* CallendarViewController.swift */; };
		A55567041A0ABC7500B9CDAF /* lupa.png in Resources */ = {isa = PBXBuildFile; fileRef = A55567031A0ABC7500B9CDAF /* lupa.png */; };
		A555670C1A0ACBD100B9CDAF /* doc.png in Resources */ = {isa = PBXBuildFile; fileRef = A555670A1A0ACBD100B9CDAF /* doc.png */; };
		A555670D1A0ACBD100B9CDAF /* pacient.png in Resources */ = {isa = PBXBuildFile; fileRef = A555670B1A0ACBD100B9CDAF /* pacient.png */; };
		A55567151A0AD27400B9CDAF /* background3.png in Resources */ = {isa = PBXBuildFile; fileRef = A55567131A0AD27400B9CDAF /* background3.png */; };
		A55567251A0AE93D00B9CDAF /* TextField.swift in Sources */ = {isa = PBXBuildFile; fileRef = A55567241A0AE93D00B9CDAF /* TextField.swift */; };
		A55567271A0AE9BF00B9CDAF /* UIColorExtension.swift in Sources */ = {isa = PBXBuildFile; fileRef = A55567261A0AE9BF00B9CDAF /* UIColorExtension.swift */; };
		A58F738F1A0966F800226385 /* FindDr.xcdatamodeld in Sources */ = {isa = PBXBuildFile; fileRef = A58F738D1A0966F800226385 /* FindDr.xcdatamodeld */; };
		A58F73921A0966F800226385 /* ViewController.m in Sources */ = {isa = PBXBuildFile; fileRef = A58F73911A0966F800226385 /* ViewController.m */; };
		A58F73951A0966F800226385 /* Main.storyboard in Resources */ = {isa = PBXBuildFile; fileRef = A58F73931A0966F800226385 /* Main.storyboard */; };
		A58F73971A0966F800226385 /* Images.xcassets in Resources */ = {isa = PBXBuildFile; fileRef = A58F73961A0966F800226385 /* Images.xcassets */; };
		A58F739A1A0966F800226385 /* LaunchScreen.xib in Resources */ = {isa = PBXBuildFile; fileRef = A58F73981A0966F800226385 /* LaunchScreen.xib */; };
		A58F73A61A0966F800226385 /* FindDrTests.m in Sources */ = {isa = PBXBuildFile; fileRef = A58F73A51A0966F800226385 /* FindDrTests.m */; };
		A5BBA1DA1A16763800BDF698 /* SearchDoctorViewController.swift in Sources */ = {isa = PBXBuildFile; fileRef = A5BBA1D91A16763800BDF698 /* SearchDoctorViewController.swift */; };
		C30AE7671A0D559500C61111 /* Login.m in Sources */ = {isa = PBXBuildFile; fileRef = C30AE7661A0D559500C61111 /* Login.m */; };
		C31122271A0A7B39001A3FF7 /* Schedule.m in Sources */ = {isa = PBXBuildFile; fileRef = C31122261A0A7B39001A3FF7 /* Schedule.m */; };
		C311222A1A0A7B92001A3FF7 /* Ranking.m in Sources */ = {isa = PBXBuildFile; fileRef = C31122291A0A7B92001A3FF7 /* Ranking.m */; };
		C311222D1A0A7BA3001A3FF7 /* Comment.m in Sources */ = {isa = PBXBuildFile; fileRef = C311222C1A0A7BA3001A3FF7 /* Comment.m */; };
		C31122301A0A7C6A001A3FF7 /* Appointment.m in Sources */ = {isa = PBXBuildFile; fileRef = C311222F1A0A7C6A001A3FF7 /* Appointment.m */; };
		C31122331A0A7C97001A3FF7 /* Speciality.m in Sources */ = {isa = PBXBuildFile; fileRef = C31122321A0A7C97001A3FF7 /* Speciality.m */; };
		C33861FF1A16B9A90060ADA7 /* Search.m in Sources */ = {isa = PBXBuildFile; fileRef = C33861FE1A16B9A90060ADA7 /* Search.m */; };
		C342777A1A15360D00AF9237 /* Logout-32.png in Resources */ = {isa = PBXBuildFile; fileRef = C34277791A15360D00AF9237 /* Logout-32.png */; };
		C342777D1A156A2700AF9237 /* User.m in Sources */ = {isa = PBXBuildFile; fileRef = C342777C1A156A2700AF9237 /* User.m */; };
		C375C5EC1A096AC60075CEE4 /* Accounts.framework in Frameworks */ = {isa = PBXBuildFile; fileRef = C375C5EB1A096AC60075CEE4 /* Accounts.framework */; };
		C375C5EE1A096AD50075CEE4 /* AdSupport.framework in Frameworks */ = {isa = PBXBuildFile; fileRef = C375C5ED1A096AD50075CEE4 /* AdSupport.framework */; };
		C375C5F01A096AE00075CEE4 /* AudioToolbox.framework in Frameworks */ = {isa = PBXBuildFile; fileRef = C375C5EF1A096AE00075CEE4 /* AudioToolbox.framework */; };
		C375C5F41A096BFA0075CEE4 /* Bolts.framework in Frameworks */ = {isa = PBXBuildFile; fileRef = C375C5F11A096BFA0075CEE4 /* Bolts.framework */; };
		C375C5F51A096BFA0075CEE4 /* Parse.framework in Frameworks */ = {isa = PBXBuildFile; fileRef = C375C5F21A096BFA0075CEE4 /* Parse.framework */; };
		C375C5F61A096BFA0075CEE4 /* ParseFacebookUtils.framework in Frameworks */ = {isa = PBXBuildFile; fileRef = C375C5F31A096BFA0075CEE4 /* ParseFacebookUtils.framework */; };
		C375C5F71A096C0C0075CEE4 /* Bolts.framework in Frameworks */ = {isa = PBXBuildFile; fileRef = C375C5F11A096BFA0075CEE4 /* Bolts.framework */; };
		C375C5F81A096C0C0075CEE4 /* Parse.framework in Frameworks */ = {isa = PBXBuildFile; fileRef = C375C5F21A096BFA0075CEE4 /* Parse.framework */; };
		C375C5F91A096C0C0075CEE4 /* ParseFacebookUtils.framework in Frameworks */ = {isa = PBXBuildFile; fileRef = C375C5F31A096BFA0075CEE4 /* ParseFacebookUtils.framework */; };
		C375C5FB1A096C200075CEE4 /* CFNetwork.framework in Frameworks */ = {isa = PBXBuildFile; fileRef = C375C5FA1A096C200075CEE4 /* CFNetwork.framework */; };
		C375C5FD1A096C280075CEE4 /* CoreGraphics.framework in Frameworks */ = {isa = PBXBuildFile; fileRef = C375C5FC1A096C280075CEE4 /* CoreGraphics.framework */; };
		C375C5FF1A096C320075CEE4 /* CoreLocation.framework in Frameworks */ = {isa = PBXBuildFile; fileRef = C375C5FE1A096C320075CEE4 /* CoreLocation.framework */; };
		C375C6011A096C3C0075CEE4 /* MobileCoreServices.framework in Frameworks */ = {isa = PBXBuildFile; fileRef = C375C6001A096C3C0075CEE4 /* MobileCoreServices.framework */; };
		C375C6031A096C480075CEE4 /* QuartzCore.framework in Frameworks */ = {isa = PBXBuildFile; fileRef = C375C6021A096C480075CEE4 /* QuartzCore.framework */; };
		C375C6051A096C560075CEE4 /* Security.framework in Frameworks */ = {isa = PBXBuildFile; fileRef = C375C6041A096C560075CEE4 /* Security.framework */; };
		C375C6071A096C5E0075CEE4 /* Social.framework in Frameworks */ = {isa = PBXBuildFile; fileRef = C375C6061A096C5E0075CEE4 /* Social.framework */; };
		C375C6091A096C710075CEE4 /* SystemConfiguration.framework in Frameworks */ = {isa = PBXBuildFile; fileRef = C375C6081A096C710075CEE4 /* SystemConfiguration.framework */; };
		C375C60D1A0999FB0075CEE4 /* Doctor.m in Sources */ = {isa = PBXBuildFile; fileRef = C375C60C1A0999FB0075CEE4 /* Doctor.m */; };
		C375C6101A099A290075CEE4 /* Clinic.m in Sources */ = {isa = PBXBuildFile; fileRef = C375C60F1A099A290075CEE4 /* Clinic.m */; };
		C39A98871A0C67B000E43C57 /* Patient.m in Sources */ = {isa = PBXBuildFile; fileRef = C39A98861A0C67B000E43C57 /* Patient.m */; };
		C3A592191A127DD200675FA6 /* AppDelegate.m in Sources */ = {isa = PBXBuildFile; fileRef = A58F738B1A0966F800226385 /* AppDelegate.m */; };
		C3A592201A1287DA00675FA6 /* DValidator.m in Sources */ = {isa = PBXBuildFile; fileRef = C3A5921F1A1287DA00675FA6 /* DValidator.m */; };
		C3A592241A129C9000675FA6 /* DSettings.m in Sources */ = {isa = PBXBuildFile; fileRef = C3A592231A129C9000675FA6 /* DSettings.m */; };
		C3A5922A1A12CDB500675FA6 /* LoginViewController.m in Sources */ = {isa = PBXBuildFile; fileRef = C3A592291A12CDB500675FA6 /* LoginViewController.m */; };
		C3A592301A12ED6700675FA6 /* DrInboxViewController.m in Sources */ = {isa = PBXBuildFile; fileRef = C3A5922F1A12ED6700675FA6 /* DrInboxViewController.m */; };
		C3FFD8C11A13BB8100D30DED /* AppGenInfoViewController.m in Sources */ = {isa = PBXBuildFile; fileRef = C3FFD8C01A13BB8100D30DED /* AppGenInfoViewController.m */; };
		E42ECE691A099A0A005E320E /* SignUpViewController.m in Sources */ = {isa = PBXBuildFile; fileRef = E42ECE681A099A0A005E320E /* SignUpViewController.m */; };
		E42ECE6C1A09A381005E320E /* ShowClinicsViewController.m in Sources */ = {isa = PBXBuildFile; fileRef = E42ECE6B1A09A381005E320E /* ShowClinicsViewController.m */; };
		E44873B81A0B00640036CAFF /* clinic.png in Resources */ = {isa = PBXBuildFile; fileRef = E44873B71A0B00640036CAFF /* clinic.png */; };
		E44873BA1A0B00700036CAFF /* user.png in Resources */ = {isa = PBXBuildFile; fileRef = E44873B91A0B00700036CAFF /* user.png */; };
		E4AF64871A12975D006C24B9 /* AZDraggableAnnotationView.m in Sources */ = {isa = PBXBuildFile; fileRef = E4AF64861A12975D006C24B9 /* AZDraggableAnnotationView.m */; };
		E4AF648A1A129887006C24B9 /* draggable_annotation_icon.png in Resources */ = {isa = PBXBuildFile; fileRef = E4AF64881A129887006C24B9 /* draggable_annotation_icon.png */; };
		E4AF648B1A129887006C24B9 /* draggable_annotation_icon@2x.png in Resources */ = {isa = PBXBuildFile; fileRef = E4AF64891A129887006C24B9 /* draggable_annotation_icon@2x.png */; };
		E4BBD3401A0AAB9500E8DDF7 /* ClinicViewController.m in Sources */ = {isa = PBXBuildFile; fileRef = E4BBD33F1A0AAB9500E8DDF7 /* ClinicViewController.m */; };
		E4BBD3431A0AAF2C00E8DDF7 /* MapViewViewController.m in Sources */ = {isa = PBXBuildFile; fileRef = E4BBD3421A0AAF2C00E8DDF7 /* MapViewViewController.m */; };
		E4C2CEB41A0BDCEF00120F70 /* MapKit.framework in Frameworks */ = {isa = PBXBuildFile; fileRef = E4BBD3441A0AB0EE00E8DDF7 /* MapKit.framework */; };
		E4C2CEB61A0BDD5300120F70 /* main.m in Sources */ = {isa = PBXBuildFile; fileRef = A58F73881A0966F800226385 /* main.m */; };
		E4C2CEC01A0BEE8700120F70 /* TPKeyboardAvoidingCollectionView.m in Sources */ = {isa = PBXBuildFile; fileRef = E4C2CEB91A0BEE8700120F70 /* TPKeyboardAvoidingCollectionView.m */; };
		E4C2CEC11A0BEE8700120F70 /* TPKeyboardAvoidingScrollView.m in Sources */ = {isa = PBXBuildFile; fileRef = E4C2CEBB1A0BEE8700120F70 /* TPKeyboardAvoidingScrollView.m */; };
		E4C2CEC21A0BEE8700120F70 /* TPKeyboardAvoidingTableView.m in Sources */ = {isa = PBXBuildFile; fileRef = E4C2CEBD1A0BEE8700120F70 /* TPKeyboardAvoidingTableView.m */; };
		E4C2CEC31A0BEE8700120F70 /* UIScrollView+TPKeyboardAvoidingAdditions.m in Sources */ = {isa = PBXBuildFile; fileRef = E4C2CEBF1A0BEE8700120F70 /* UIScrollView+TPKeyboardAvoidingAdditions.m */; };
		E4DA5D1E1A0D7BB700C4FCAB /* AbstractActionSheetPicker.m in Sources */ = {isa = PBXBuildFile; fileRef = E4DA5D0E1A0D7BB700C4FCAB /* AbstractActionSheetPicker.m */; };
		E4DA5D1F1A0D7BB700C4FCAB /* ActionSheetCustomPicker.m in Sources */ = {isa = PBXBuildFile; fileRef = E4DA5D101A0D7BB700C4FCAB /* ActionSheetCustomPicker.m */; };
		E4DA5D201A0D7BB700C4FCAB /* ActionSheetDatePicker.m in Sources */ = {isa = PBXBuildFile; fileRef = E4DA5D131A0D7BB700C4FCAB /* ActionSheetDatePicker.m */; };
		E4DA5D211A0D7BB700C4FCAB /* ActionSheetDistancePicker.m in Sources */ = {isa = PBXBuildFile; fileRef = E4DA5D151A0D7BB700C4FCAB /* ActionSheetDistancePicker.m */; };
		E4DA5D221A0D7BB700C4FCAB /* ActionSheetLocalePicker.m in Sources */ = {isa = PBXBuildFile; fileRef = E4DA5D171A0D7BB700C4FCAB /* ActionSheetLocalePicker.m */; };
		E4DA5D231A0D7BB700C4FCAB /* ActionSheetStringPicker.m in Sources */ = {isa = PBXBuildFile; fileRef = E4DA5D191A0D7BB700C4FCAB /* ActionSheetStringPicker.m */; };
		E4DA5D241A0D7BB700C4FCAB /* DistancePickerView.m in Sources */ = {isa = PBXBuildFile; fileRef = E4DA5D1B1A0D7BB700C4FCAB /* DistancePickerView.m */; };
		E4DA5D251A0D7BB700C4FCAB /* SWActionSheet.m in Sources */ = {isa = PBXBuildFile; fileRef = E4DA5D1D1A0D7BB700C4FCAB /* SWActionSheet.m */; };
		E4DA5D291A0D7BF200C4FCAB /* TextFieldValidator.m in Sources */ = {isa = PBXBuildFile; fileRef = E4DA5D281A0D7BF200C4FCAB /* TextFieldValidator.m */; };
		E4DA5D2B1A0D7C1100C4FCAB /* error@2x.png in Resources */ = {isa = PBXBuildFile; fileRef = E4DA5D2A1A0D7C1100C4FCAB /* error@2x.png */; };
/* End PBXBuildFile section */

/* Begin PBXContainerItemProxy section */
		A58F73A01A0966F800226385 /* PBXContainerItemProxy */ = {
			isa = PBXContainerItemProxy;
			containerPortal = A58F737B1A0966F800226385 /* Project object */;
			proxyType = 1;
			remoteGlobalIDString = A58F73821A0966F800226385;
			remoteInfo = FindDr;
		};
/* End PBXContainerItemProxy section */

/* Begin PBXFileReference section */
		A51313F11A13F6500079FFFE /* CalendarCell.swift */ = {isa = PBXFileReference; fileEncoding = 4; lastKnownFileType = sourcecode.swift; path = CalendarCell.swift; sourceTree = "<group>"; };
		A51313F21A13F6500079FFFE /* CallendarViewController.swift */ = {isa = PBXFileReference; fileEncoding = 4; lastKnownFileType = sourcecode.swift; path = CallendarViewController.swift; sourceTree = "<group>"; };
		A55566F81A0AB75B00B9CDAF /* FindDr-Bridging-Header.h */ = {isa = PBXFileReference; lastKnownFileType = sourcecode.c.h; path = "FindDr-Bridging-Header.h"; sourceTree = SOURCE_ROOT; };
		A55567031A0ABC7500B9CDAF /* lupa.png */ = {isa = PBXFileReference; lastKnownFileType = image.png; path = lupa.png; sourceTree = "<group>"; };
		A555670A1A0ACBD100B9CDAF /* doc.png */ = {isa = PBXFileReference; lastKnownFileType = image.png; path = doc.png; sourceTree = "<group>"; };
		A555670B1A0ACBD100B9CDAF /* pacient.png */ = {isa = PBXFileReference; lastKnownFileType = image.png; path = pacient.png; sourceTree = "<group>"; };
		A55567131A0AD27400B9CDAF /* background3.png */ = {isa = PBXFileReference; lastKnownFileType = image.png; path = background3.png; sourceTree = "<group>"; };
		A55567241A0AE93D00B9CDAF /* TextField.swift */ = {isa = PBXFileReference; fileEncoding = 4; lastKnownFileType = sourcecode.swift; path = TextField.swift; sourceTree = "<group>"; };
		A55567261A0AE9BF00B9CDAF /* UIColorExtension.swift */ = {isa = PBXFileReference; fileEncoding = 4; lastKnownFileType = sourcecode.swift; path = UIColorExtension.swift; sourceTree = "<group>"; };
		A58F73831A0966F800226385 /* FindDr.app */ = {isa = PBXFileReference; explicitFileType = wrapper.application; includeInIndex = 0; path = FindDr.app; sourceTree = BUILT_PRODUCTS_DIR; };
		A58F73871A0966F800226385 /* Info.plist */ = {isa = PBXFileReference; lastKnownFileType = text.plist.xml; path = Info.plist; sourceTree = "<group>"; };
		A58F73881A0966F800226385 /* main.m */ = {isa = PBXFileReference; lastKnownFileType = sourcecode.c.objc; path = main.m; sourceTree = "<group>"; };
		A58F738A1A0966F800226385 /* AppDelegate.h */ = {isa = PBXFileReference; lastKnownFileType = sourcecode.c.h; path = AppDelegate.h; sourceTree = "<group>"; };
		A58F738B1A0966F800226385 /* AppDelegate.m */ = {isa = PBXFileReference; lastKnownFileType = sourcecode.c.objc; path = AppDelegate.m; sourceTree = "<group>"; };
		A58F738E1A0966F800226385 /* FindDr.xcdatamodel */ = {isa = PBXFileReference; lastKnownFileType = wrapper.xcdatamodel; path = FindDr.xcdatamodel; sourceTree = "<group>"; };
		A58F73901A0966F800226385 /* ViewController.h */ = {isa = PBXFileReference; lastKnownFileType = sourcecode.c.h; path = ViewController.h; sourceTree = "<group>"; };
		A58F73911A0966F800226385 /* ViewController.m */ = {isa = PBXFileReference; lastKnownFileType = sourcecode.c.objc; path = ViewController.m; sourceTree = "<group>"; };
		A58F73941A0966F800226385 /* Base */ = {isa = PBXFileReference; lastKnownFileType = file.storyboard; name = Base; path = Base.lproj/Main.storyboard; sourceTree = "<group>"; };
		A58F73961A0966F800226385 /* Images.xcassets */ = {isa = PBXFileReference; lastKnownFileType = folder.assetcatalog; path = Images.xcassets; sourceTree = "<group>"; };
		A58F73991A0966F800226385 /* Base */ = {isa = PBXFileReference; lastKnownFileType = file.xib; name = Base; path = Base.lproj/LaunchScreen.xib; sourceTree = "<group>"; };
		A58F739F1A0966F800226385 /* FindDrTests.xctest */ = {isa = PBXFileReference; explicitFileType = wrapper.cfbundle; includeInIndex = 0; path = FindDrTests.xctest; sourceTree = BUILT_PRODUCTS_DIR; };
		A58F73A41A0966F800226385 /* Info.plist */ = {isa = PBXFileReference; lastKnownFileType = text.plist.xml; path = Info.plist; sourceTree = "<group>"; };
		A58F73A51A0966F800226385 /* FindDrTests.m */ = {isa = PBXFileReference; lastKnownFileType = sourcecode.c.objc; path = FindDrTests.m; sourceTree = "<group>"; };
		A5BBA1D91A16763800BDF698 /* SearchDoctorViewController.swift */ = {isa = PBXFileReference; fileEncoding = 4; lastKnownFileType = sourcecode.swift; path = SearchDoctorViewController.swift; sourceTree = "<group>"; };
		C30AE7651A0D559500C61111 /* Login.h */ = {isa = PBXFileReference; fileEncoding = 4; lastKnownFileType = sourcecode.c.h; path = Login.h; sourceTree = "<group>"; };
		C30AE7661A0D559500C61111 /* Login.m */ = {isa = PBXFileReference; fileEncoding = 4; lastKnownFileType = sourcecode.c.objc; path = Login.m; sourceTree = "<group>"; };
		C31122251A0A7B39001A3FF7 /* Schedule.h */ = {isa = PBXFileReference; fileEncoding = 4; lastKnownFileType = sourcecode.c.h; path = Schedule.h; sourceTree = "<group>"; };
		C31122261A0A7B39001A3FF7 /* Schedule.m */ = {isa = PBXFileReference; fileEncoding = 4; lastKnownFileType = sourcecode.c.objc; path = Schedule.m; sourceTree = "<group>"; };
		C31122281A0A7B92001A3FF7 /* Ranking.h */ = {isa = PBXFileReference; fileEncoding = 4; lastKnownFileType = sourcecode.c.h; path = Ranking.h; sourceTree = "<group>"; };
		C31122291A0A7B92001A3FF7 /* Ranking.m */ = {isa = PBXFileReference; fileEncoding = 4; lastKnownFileType = sourcecode.c.objc; path = Ranking.m; sourceTree = "<group>"; };
		C311222B1A0A7BA3001A3FF7 /* Comment.h */ = {isa = PBXFileReference; fileEncoding = 4; lastKnownFileType = sourcecode.c.h; path = Comment.h; sourceTree = "<group>"; };
		C311222C1A0A7BA3001A3FF7 /* Comment.m */ = {isa = PBXFileReference; fileEncoding = 4; lastKnownFileType = sourcecode.c.objc; path = Comment.m; sourceTree = "<group>"; };
		C311222E1A0A7C6A001A3FF7 /* Appointment.h */ = {isa = PBXFileReference; fileEncoding = 4; lastKnownFileType = sourcecode.c.h; path = Appointment.h; sourceTree = "<group>"; };
		C311222F1A0A7C6A001A3FF7 /* Appointment.m */ = {isa = PBXFileReference; fileEncoding = 4; lastKnownFileType = sourcecode.c.objc; path = Appointment.m; sourceTree = "<group>"; };
		C31122311A0A7C97001A3FF7 /* Speciality.h */ = {isa = PBXFileReference; fileEncoding = 4; lastKnownFileType = sourcecode.c.h; path = Speciality.h; sourceTree = "<group>"; };
		C31122321A0A7C97001A3FF7 /* Speciality.m */ = {isa = PBXFileReference; fileEncoding = 4; lastKnownFileType = sourcecode.c.objc; path = Speciality.m; sourceTree = "<group>"; };
		C33861FD1A16B9A90060ADA7 /* Search.h */ = {isa = PBXFileReference; fileEncoding = 4; lastKnownFileType = sourcecode.c.h; path = Search.h; sourceTree = "<group>"; };
		C33861FE1A16B9A90060ADA7 /* Search.m */ = {isa = PBXFileReference; fileEncoding = 4; lastKnownFileType = sourcecode.c.objc; path = Search.m; sourceTree = "<group>"; };
		C34277791A15360D00AF9237 /* Logout-32.png */ = {isa = PBXFileReference; lastKnownFileType = image.png; path = "Logout-32.png"; sourceTree = "<group>"; };
		C342777B1A156A2700AF9237 /* User.h */ = {isa = PBXFileReference; fileEncoding = 4; lastKnownFileType = sourcecode.c.h; path = User.h; sourceTree = "<group>"; };
		C342777C1A156A2700AF9237 /* User.m */ = {isa = PBXFileReference; fileEncoding = 4; lastKnownFileType = sourcecode.c.objc; path = User.m; sourceTree = "<group>"; };
		C375C5EB1A096AC60075CEE4 /* Accounts.framework */ = {isa = PBXFileReference; lastKnownFileType = wrapper.framework; name = Accounts.framework; path = System/Library/Frameworks/Accounts.framework; sourceTree = SDKROOT; };
		C375C5ED1A096AD50075CEE4 /* AdSupport.framework */ = {isa = PBXFileReference; lastKnownFileType = wrapper.framework; name = AdSupport.framework; path = System/Library/Frameworks/AdSupport.framework; sourceTree = SDKROOT; };
		C375C5EF1A096AE00075CEE4 /* AudioToolbox.framework */ = {isa = PBXFileReference; lastKnownFileType = wrapper.framework; name = AudioToolbox.framework; path = System/Library/Frameworks/AudioToolbox.framework; sourceTree = SDKROOT; };
		C375C5F11A096BFA0075CEE4 /* Bolts.framework */ = {isa = PBXFileReference; lastKnownFileType = wrapper.framework; path = Bolts.framework; sourceTree = "<group>"; };
		C375C5F21A096BFA0075CEE4 /* Parse.framework */ = {isa = PBXFileReference; lastKnownFileType = wrapper.framework; path = Parse.framework; sourceTree = "<group>"; };
		C375C5F31A096BFA0075CEE4 /* ParseFacebookUtils.framework */ = {isa = PBXFileReference; lastKnownFileType = wrapper.framework; path = ParseFacebookUtils.framework; sourceTree = "<group>"; };
		C375C5FA1A096C200075CEE4 /* CFNetwork.framework */ = {isa = PBXFileReference; lastKnownFileType = wrapper.framework; name = CFNetwork.framework; path = System/Library/Frameworks/CFNetwork.framework; sourceTree = SDKROOT; };
		C375C5FC1A096C280075CEE4 /* CoreGraphics.framework */ = {isa = PBXFileReference; lastKnownFileType = wrapper.framework; name = CoreGraphics.framework; path = System/Library/Frameworks/CoreGraphics.framework; sourceTree = SDKROOT; };
		C375C5FE1A096C320075CEE4 /* CoreLocation.framework */ = {isa = PBXFileReference; lastKnownFileType = wrapper.framework; name = CoreLocation.framework; path = System/Library/Frameworks/CoreLocation.framework; sourceTree = SDKROOT; };
		C375C6001A096C3C0075CEE4 /* MobileCoreServices.framework */ = {isa = PBXFileReference; lastKnownFileType = wrapper.framework; name = MobileCoreServices.framework; path = System/Library/Frameworks/MobileCoreServices.framework; sourceTree = SDKROOT; };
		C375C6021A096C480075CEE4 /* QuartzCore.framework */ = {isa = PBXFileReference; lastKnownFileType = wrapper.framework; name = QuartzCore.framework; path = System/Library/Frameworks/QuartzCore.framework; sourceTree = SDKROOT; };
		C375C6041A096C560075CEE4 /* Security.framework */ = {isa = PBXFileReference; lastKnownFileType = wrapper.framework; name = Security.framework; path = System/Library/Frameworks/Security.framework; sourceTree = SDKROOT; };
		C375C6061A096C5E0075CEE4 /* Social.framework */ = {isa = PBXFileReference; lastKnownFileType = wrapper.framework; name = Social.framework; path = System/Library/Frameworks/Social.framework; sourceTree = SDKROOT; };
		C375C6081A096C710075CEE4 /* SystemConfiguration.framework */ = {isa = PBXFileReference; lastKnownFileType = wrapper.framework; name = SystemConfiguration.framework; path = System/Library/Frameworks/SystemConfiguration.framework; sourceTree = SDKROOT; };
		C375C60B1A0999FB0075CEE4 /* Doctor.h */ = {isa = PBXFileReference; fileEncoding = 4; lastKnownFileType = sourcecode.c.h; path = Doctor.h; sourceTree = "<group>"; };
		C375C60C1A0999FB0075CEE4 /* Doctor.m */ = {isa = PBXFileReference; fileEncoding = 4; lastKnownFileType = sourcecode.c.objc; path = Doctor.m; sourceTree = "<group>"; };
		C375C60E1A099A290075CEE4 /* Clinic.h */ = {isa = PBXFileReference; fileEncoding = 4; lastKnownFileType = sourcecode.c.h; path = Clinic.h; sourceTree = "<group>"; };
		C375C60F1A099A290075CEE4 /* Clinic.m */ = {isa = PBXFileReference; fileEncoding = 4; lastKnownFileType = sourcecode.c.objc; path = Clinic.m; sourceTree = "<group>"; };
		C39A98851A0C67B000E43C57 /* Patient.h */ = {isa = PBXFileReference; fileEncoding = 4; lastKnownFileType = sourcecode.c.h; path = Patient.h; sourceTree = "<group>"; };
		C39A98861A0C67B000E43C57 /* Patient.m */ = {isa = PBXFileReference; fileEncoding = 4; lastKnownFileType = sourcecode.c.objc; path = Patient.m; sourceTree = "<group>"; };
		C3A5921E1A1287DA00675FA6 /* DValidator.h */ = {isa = PBXFileReference; fileEncoding = 4; lastKnownFileType = sourcecode.c.h; path = DValidator.h; sourceTree = "<group>"; };
		C3A5921F1A1287DA00675FA6 /* DValidator.m */ = {isa = PBXFileReference; fileEncoding = 4; lastKnownFileType = sourcecode.c.objc; path = DValidator.m; sourceTree = "<group>"; };
		C3A592221A129C9000675FA6 /* DSettings.h */ = {isa = PBXFileReference; fileEncoding = 4; lastKnownFileType = sourcecode.c.h; path = DSettings.h; sourceTree = "<group>"; };
		C3A592231A129C9000675FA6 /* DSettings.m */ = {isa = PBXFileReference; fileEncoding = 4; lastKnownFileType = sourcecode.c.objc; path = DSettings.m; sourceTree = "<group>"; };
		C3A592281A12CDB500675FA6 /* LoginViewController.h */ = {isa = PBXFileReference; fileEncoding = 4; lastKnownFileType = sourcecode.c.h; path = LoginViewController.h; sourceTree = "<group>"; };
		C3A592291A12CDB500675FA6 /* LoginViewController.m */ = {isa = PBXFileReference; fileEncoding = 4; lastKnownFileType = sourcecode.c.objc; path = LoginViewController.m; sourceTree = "<group>"; };
		C3A5922E1A12ED6700675FA6 /* DrInboxViewController.h */ = {isa = PBXFileReference; fileEncoding = 4; lastKnownFileType = sourcecode.c.h; path = DrInboxViewController.h; sourceTree = "<group>"; };
		C3A5922F1A12ED6700675FA6 /* DrInboxViewController.m */ = {isa = PBXFileReference; fileEncoding = 4; lastKnownFileType = sourcecode.c.objc; path = DrInboxViewController.m; sourceTree = "<group>"; };
		C3FFD8BF1A13BB8100D30DED /* AppGenInfoViewController.h */ = {isa = PBXFileReference; fileEncoding = 4; lastKnownFileType = sourcecode.c.h; path = AppGenInfoViewController.h; sourceTree = "<group>"; };
		C3FFD8C01A13BB8100D30DED /* AppGenInfoViewController.m */ = {isa = PBXFileReference; fileEncoding = 4; lastKnownFileType = sourcecode.c.objc; path = AppGenInfoViewController.m; sourceTree = "<group>"; };
		E42ECE671A099A0A005E320E /* SignUpViewController.h */ = {isa = PBXFileReference; fileEncoding = 4; lastKnownFileType = sourcecode.c.h; path = SignUpViewController.h; sourceTree = "<group>"; };
		E42ECE681A099A0A005E320E /* SignUpViewController.m */ = {isa = PBXFileReference; fileEncoding = 4; lastKnownFileType = sourcecode.c.objc; path = SignUpViewController.m; sourceTree = "<group>"; };
		E42ECE6A1A09A381005E320E /* ShowClinicsViewController.h */ = {isa = PBXFileReference; fileEncoding = 4; lastKnownFileType = sourcecode.c.h; path = ShowClinicsViewController.h; sourceTree = "<group>"; };
		E42ECE6B1A09A381005E320E /* ShowClinicsViewController.m */ = {isa = PBXFileReference; fileEncoding = 4; lastKnownFileType = sourcecode.c.objc; path = ShowClinicsViewController.m; sourceTree = "<group>"; };
		E44873B71A0B00640036CAFF /* clinic.png */ = {isa = PBXFileReference; lastKnownFileType = image.png; path = clinic.png; sourceTree = "<group>"; };
		E44873B91A0B00700036CAFF /* user.png */ = {isa = PBXFileReference; lastKnownFileType = image.png; path = user.png; sourceTree = "<group>"; };
		E4AF64851A12975D006C24B9 /* AZDraggableAnnotationView.h */ = {isa = PBXFileReference; fileEncoding = 4; lastKnownFileType = sourcecode.c.h; path = AZDraggableAnnotationView.h; sourceTree = "<group>"; };
		E4AF64861A12975D006C24B9 /* AZDraggableAnnotationView.m */ = {isa = PBXFileReference; fileEncoding = 4; lastKnownFileType = sourcecode.c.objc; path = AZDraggableAnnotationView.m; sourceTree = "<group>"; };
		E4AF64881A129887006C24B9 /* draggable_annotation_icon.png */ = {isa = PBXFileReference; lastKnownFileType = image.png; path = draggable_annotation_icon.png; sourceTree = "<group>"; };
		E4AF64891A129887006C24B9 /* draggable_annotation_icon@2x.png */ = {isa = PBXFileReference; lastKnownFileType = image.png; path = "draggable_annotation_icon@2x.png"; sourceTree = "<group>"; };
		E4BBD33E1A0AAB9500E8DDF7 /* ClinicViewController.h */ = {isa = PBXFileReference; fileEncoding = 4; lastKnownFileType = sourcecode.c.h; path = ClinicViewController.h; sourceTree = "<group>"; };
		E4BBD33F1A0AAB9500E8DDF7 /* ClinicViewController.m */ = {isa = PBXFileReference; fileEncoding = 4; lastKnownFileType = sourcecode.c.objc; path = ClinicViewController.m; sourceTree = "<group>"; };
		E4BBD3411A0AAF2C00E8DDF7 /* MapViewViewController.h */ = {isa = PBXFileReference; fileEncoding = 4; lastKnownFileType = sourcecode.c.h; path = MapViewViewController.h; sourceTree = "<group>"; };
		E4BBD3421A0AAF2C00E8DDF7 /* MapViewViewController.m */ = {isa = PBXFileReference; fileEncoding = 4; lastKnownFileType = sourcecode.c.objc; path = MapViewViewController.m; sourceTree = "<group>"; };
		E4BBD3441A0AB0EE00E8DDF7 /* MapKit.framework */ = {isa = PBXFileReference; lastKnownFileType = wrapper.framework; name = MapKit.framework; path = System/Library/Frameworks/MapKit.framework; sourceTree = SDKROOT; };
		E4C2CEB81A0BEE8700120F70 /* TPKeyboardAvoidingCollectionView.h */ = {isa = PBXFileReference; fileEncoding = 4; lastKnownFileType = sourcecode.c.h; path = TPKeyboardAvoidingCollectionView.h; sourceTree = "<group>"; };
		E4C2CEB91A0BEE8700120F70 /* TPKeyboardAvoidingCollectionView.m */ = {isa = PBXFileReference; fileEncoding = 4; lastKnownFileType = sourcecode.c.objc; path = TPKeyboardAvoidingCollectionView.m; sourceTree = "<group>"; };
		E4C2CEBA1A0BEE8700120F70 /* TPKeyboardAvoidingScrollView.h */ = {isa = PBXFileReference; fileEncoding = 4; lastKnownFileType = sourcecode.c.h; path = TPKeyboardAvoidingScrollView.h; sourceTree = "<group>"; };
		E4C2CEBB1A0BEE8700120F70 /* TPKeyboardAvoidingScrollView.m */ = {isa = PBXFileReference; fileEncoding = 4; lastKnownFileType = sourcecode.c.objc; path = TPKeyboardAvoidingScrollView.m; sourceTree = "<group>"; };
		E4C2CEBC1A0BEE8700120F70 /* TPKeyboardAvoidingTableView.h */ = {isa = PBXFileReference; fileEncoding = 4; lastKnownFileType = sourcecode.c.h; path = TPKeyboardAvoidingTableView.h; sourceTree = "<group>"; };
		E4C2CEBD1A0BEE8700120F70 /* TPKeyboardAvoidingTableView.m */ = {isa = PBXFileReference; fileEncoding = 4; lastKnownFileType = sourcecode.c.objc; path = TPKeyboardAvoidingTableView.m; sourceTree = "<group>"; };
		E4C2CEBE1A0BEE8700120F70 /* UIScrollView+TPKeyboardAvoidingAdditions.h */ = {isa = PBXFileReference; fileEncoding = 4; lastKnownFileType = sourcecode.c.h; path = "UIScrollView+TPKeyboardAvoidingAdditions.h"; sourceTree = "<group>"; };
		E4C2CEBF1A0BEE8700120F70 /* UIScrollView+TPKeyboardAvoidingAdditions.m */ = {isa = PBXFileReference; fileEncoding = 4; lastKnownFileType = sourcecode.c.objc; path = "UIScrollView+TPKeyboardAvoidingAdditions.m"; sourceTree = "<group>"; };
		E4DA5D0D1A0D7BB700C4FCAB /* AbstractActionSheetPicker.h */ = {isa = PBXFileReference; fileEncoding = 4; lastKnownFileType = sourcecode.c.h; path = AbstractActionSheetPicker.h; sourceTree = "<group>"; };
		E4DA5D0E1A0D7BB700C4FCAB /* AbstractActionSheetPicker.m */ = {isa = PBXFileReference; fileEncoding = 4; lastKnownFileType = sourcecode.c.objc; path = AbstractActionSheetPicker.m; sourceTree = "<group>"; };
		E4DA5D0F1A0D7BB700C4FCAB /* ActionSheetCustomPicker.h */ = {isa = PBXFileReference; fileEncoding = 4; lastKnownFileType = sourcecode.c.h; path = ActionSheetCustomPicker.h; sourceTree = "<group>"; };
		E4DA5D101A0D7BB700C4FCAB /* ActionSheetCustomPicker.m */ = {isa = PBXFileReference; fileEncoding = 4; lastKnownFileType = sourcecode.c.objc; path = ActionSheetCustomPicker.m; sourceTree = "<group>"; };
		E4DA5D111A0D7BB700C4FCAB /* ActionSheetCustomPickerDelegate.h */ = {isa = PBXFileReference; fileEncoding = 4; lastKnownFileType = sourcecode.c.h; path = ActionSheetCustomPickerDelegate.h; sourceTree = "<group>"; };
		E4DA5D121A0D7BB700C4FCAB /* ActionSheetDatePicker.h */ = {isa = PBXFileReference; fileEncoding = 4; lastKnownFileType = sourcecode.c.h; path = ActionSheetDatePicker.h; sourceTree = "<group>"; };
		E4DA5D131A0D7BB700C4FCAB /* ActionSheetDatePicker.m */ = {isa = PBXFileReference; fileEncoding = 4; lastKnownFileType = sourcecode.c.objc; path = ActionSheetDatePicker.m; sourceTree = "<group>"; };
		E4DA5D141A0D7BB700C4FCAB /* ActionSheetDistancePicker.h */ = {isa = PBXFileReference; fileEncoding = 4; lastKnownFileType = sourcecode.c.h; path = ActionSheetDistancePicker.h; sourceTree = "<group>"; };
		E4DA5D151A0D7BB700C4FCAB /* ActionSheetDistancePicker.m */ = {isa = PBXFileReference; fileEncoding = 4; lastKnownFileType = sourcecode.c.objc; path = ActionSheetDistancePicker.m; sourceTree = "<group>"; };
		E4DA5D161A0D7BB700C4FCAB /* ActionSheetLocalePicker.h */ = {isa = PBXFileReference; fileEncoding = 4; lastKnownFileType = sourcecode.c.h; path = ActionSheetLocalePicker.h; sourceTree = "<group>"; };
		E4DA5D171A0D7BB700C4FCAB /* ActionSheetLocalePicker.m */ = {isa = PBXFileReference; fileEncoding = 4; lastKnownFileType = sourcecode.c.objc; path = ActionSheetLocalePicker.m; sourceTree = "<group>"; };
		E4DA5D181A0D7BB700C4FCAB /* ActionSheetStringPicker.h */ = {isa = PBXFileReference; fileEncoding = 4; lastKnownFileType = sourcecode.c.h; path = ActionSheetStringPicker.h; sourceTree = "<group>"; };
		E4DA5D191A0D7BB700C4FCAB /* ActionSheetStringPicker.m */ = {isa = PBXFileReference; fileEncoding = 4; lastKnownFileType = sourcecode.c.objc; path = ActionSheetStringPicker.m; sourceTree = "<group>"; };
		E4DA5D1A1A0D7BB700C4FCAB /* DistancePickerView.h */ = {isa = PBXFileReference; fileEncoding = 4; lastKnownFileType = sourcecode.c.h; path = DistancePickerView.h; sourceTree = "<group>"; };
		E4DA5D1B1A0D7BB700C4FCAB /* DistancePickerView.m */ = {isa = PBXFileReference; fileEncoding = 4; lastKnownFileType = sourcecode.c.objc; path = DistancePickerView.m; sourceTree = "<group>"; };
		E4DA5D1C1A0D7BB700C4FCAB /* SWActionSheet.h */ = {isa = PBXFileReference; fileEncoding = 4; lastKnownFileType = sourcecode.c.h; path = SWActionSheet.h; sourceTree = "<group>"; };
		E4DA5D1D1A0D7BB700C4FCAB /* SWActionSheet.m */ = {isa = PBXFileReference; fileEncoding = 4; lastKnownFileType = sourcecode.c.objc; path = SWActionSheet.m; sourceTree = "<group>"; };
		E4DA5D271A0D7BF200C4FCAB /* TextFieldValidator.h */ = {isa = PBXFileReference; fileEncoding = 4; lastKnownFileType = sourcecode.c.h; path = TextFieldValidator.h; sourceTree = "<group>"; };
		E4DA5D281A0D7BF200C4FCAB /* TextFieldValidator.m */ = {isa = PBXFileReference; fileEncoding = 4; lastKnownFileType = sourcecode.c.objc; path = TextFieldValidator.m; sourceTree = "<group>"; };
		E4DA5D2A1A0D7C1100C4FCAB /* error@2x.png */ = {isa = PBXFileReference; lastKnownFileType = image.png; path = "error@2x.png"; sourceTree = "<group>"; };
/* End PBXFileReference section */

/* Begin PBXFrameworksBuildPhase section */
		A58F73801A0966F800226385 /* Frameworks */ = {
			isa = PBXFrameworksBuildPhase;
			buildActionMask = 2147483647;
			files = (
				C375C5FF1A096C320075CEE4 /* CoreLocation.framework in Frameworks */,
				E4C2CEB41A0BDCEF00120F70 /* MapKit.framework in Frameworks */,
				C375C6091A096C710075CEE4 /* SystemConfiguration.framework in Frameworks */,
				C375C6071A096C5E0075CEE4 /* Social.framework in Frameworks */,
				C375C6051A096C560075CEE4 /* Security.framework in Frameworks */,
				C375C6031A096C480075CEE4 /* QuartzCore.framework in Frameworks */,
				C375C6011A096C3C0075CEE4 /* MobileCoreServices.framework in Frameworks */,
				C375C5FD1A096C280075CEE4 /* CoreGraphics.framework in Frameworks */,
				C375C5FB1A096C200075CEE4 /* CFNetwork.framework in Frameworks */,
				C375C5F71A096C0C0075CEE4 /* Bolts.framework in Frameworks */,
				C375C5F81A096C0C0075CEE4 /* Parse.framework in Frameworks */,
				C375C5F91A096C0C0075CEE4 /* ParseFacebookUtils.framework in Frameworks */,
				C375C5F01A096AE00075CEE4 /* AudioToolbox.framework in Frameworks */,
				C375C5EE1A096AD50075CEE4 /* AdSupport.framework in Frameworks */,
				C375C5EC1A096AC60075CEE4 /* Accounts.framework in Frameworks */,
			);
			runOnlyForDeploymentPostprocessing = 0;
		};
		A58F739C1A0966F800226385 /* Frameworks */ = {
			isa = PBXFrameworksBuildPhase;
			buildActionMask = 2147483647;
			files = (
				C375C5F51A096BFA0075CEE4 /* Parse.framework in Frameworks */,
				C375C5F41A096BFA0075CEE4 /* Bolts.framework in Frameworks */,
				C375C5F61A096BFA0075CEE4 /* ParseFacebookUtils.framework in Frameworks */,
			);
			runOnlyForDeploymentPostprocessing = 0;
		};
/* End PBXFrameworksBuildPhase section */

/* Begin PBXGroup section */
		A51313F01A13F6410079FFFE /* calendar */ = {
			isa = PBXGroup;
			children = (
				A51313F11A13F6500079FFFE /* CalendarCell.swift */,
				A51313F21A13F6500079FFFE /* CallendarViewController.swift */,
			);
			name = calendar;
			sourceTree = "<group>";
		};
		A55566F41A0AB4A800B9CDAF /* images */ = {
			isa = PBXGroup;
			children = (
				C34277791A15360D00AF9237 /* Logout-32.png */,
				E44873B91A0B00700036CAFF /* user.png */,
				E4DA5D2A1A0D7C1100C4FCAB /* error@2x.png */,
				E44873B71A0B00640036CAFF /* clinic.png */,
				A55567031A0ABC7500B9CDAF /* lupa.png */,
				A555670A1A0ACBD100B9CDAF /* doc.png */,
				A55567131A0AD27400B9CDAF /* background3.png */,
				A555670B1A0ACBD100B9CDAF /* pacient.png */,
				E4AF64881A129887006C24B9 /* draggable_annotation_icon.png */,
				E4AF64891A129887006C24B9 /* draggable_annotation_icon@2x.png */,
			);
			name = images;
			sourceTree = "<group>";
		};
		A55567051A0AC44A00B9CDAF /* utils */ = {
			isa = PBXGroup;
			children = (
				A55567241A0AE93D00B9CDAF /* TextField.swift */,
				A55567261A0AE9BF00B9CDAF /* UIColorExtension.swift */,
				C3A5921E1A1287DA00675FA6 /* DValidator.h */,
				C3A5921F1A1287DA00675FA6 /* DValidator.m */,
			);
			name = utils;
			sourceTree = "<group>";
		};
		A58F737A1A0966F800226385 = {
			isa = PBXGroup;
			children = (
				A55567051A0AC44A00B9CDAF /* utils */,
				A55566F41A0AB4A800B9CDAF /* images */,
				A58F73851A0966F800226385 /* FindDr */,
				A58F73A21A0966F800226385 /* FindDrTests */,
				A58F73841A0966F800226385 /* Products */,
			);
			sourceTree = "<group>";
		};
		A58F73841A0966F800226385 /* Products */ = {
			isa = PBXGroup;
			children = (
				A58F73831A0966F800226385 /* FindDr.app */,
				A58F739F1A0966F800226385 /* FindDrTests.xctest */,
			);
			name = Products;
			sourceTree = "<group>";
		};
		A58F73851A0966F800226385 /* FindDr */ = {
			isa = PBXGroup;
			children = (
				A5BBA1D81A16761B00BDF698 /* search */,
				A51313F01A13F6410079FFFE /* calendar */,
				C3A592211A129C6F00675FA6 /* Settings */,
				C30AE7681A0D62A000C61111 /* Security */,
				C375C60A1A0998BC0075CEE4 /* Data Model */,
				A58F738A1A0966F800226385 /* AppDelegate.h */,
				A58F738B1A0966F800226385 /* AppDelegate.m */,
				C3A5922E1A12ED6700675FA6 /* DrInboxViewController.h */,
				C3A5922F1A12ED6700675FA6 /* DrInboxViewController.m */,
				C3A592281A12CDB500675FA6 /* LoginViewController.h */,
				C3A592291A12CDB500675FA6 /* LoginViewController.m */,
				A58F73901A0966F800226385 /* ViewController.h */,
				A58F73911A0966F800226385 /* ViewController.m */,
				A58F73931A0966F800226385 /* Main.storyboard */,
				E4BBD3411A0AAF2C00E8DDF7 /* MapViewViewController.h */,
				E4BBD3421A0AAF2C00E8DDF7 /* MapViewViewController.m */,
				E4BBD33E1A0AAB9500E8DDF7 /* ClinicViewController.h */,
				E4BBD33F1A0AAB9500E8DDF7 /* ClinicViewController.m */,
				E42ECE6A1A09A381005E320E /* ShowClinicsViewController.h */,
				E42ECE6B1A09A381005E320E /* ShowClinicsViewController.m */,
				E42ECE671A099A0A005E320E /* SignUpViewController.h */,
				E42ECE681A099A0A005E320E /* SignUpViewController.m */,
				E4AF64841A129740006C24B9 /* AZDraggableAnnotationView */,
				E4DA5D261A0D7BDC00C4FCAB /* TextFieldValidator */,
				E4DA5D0C1A0D7BB700C4FCAB /* Pickers */,
				E4C2CEB71A0BEE8700120F70 /* TPKeyboardAvoiding */,
				A58F73961A0966F800226385 /* Images.xcassets */,
				A58F73981A0966F800226385 /* LaunchScreen.xib */,
				A58F738D1A0966F800226385 /* FindDr.xcdatamodeld */,
				A55566F81A0AB75B00B9CDAF /* FindDr-Bridging-Header.h */,
				A58F73861A0966F800226385 /* Supporting Files */,
				C3FFD8BF1A13BB8100D30DED /* AppGenInfoViewController.h */,
				C3FFD8C01A13BB8100D30DED /* AppGenInfoViewController.m */,
			);
			path = FindDr;
			sourceTree = "<group>";
		};
		A58F73861A0966F800226385 /* Supporting Files */ = {
			isa = PBXGroup;
			children = (
				A58F73871A0966F800226385 /* Info.plist */,
				A58F73881A0966F800226385 /* main.m */,
			);
			name = "Supporting Files";
			sourceTree = "<group>";
		};
		A58F73A21A0966F800226385 /* FindDrTests */ = {
			isa = PBXGroup;
			children = (
				A58F73A51A0966F800226385 /* FindDrTests.m */,
				A58F73A31A0966F800226385 /* Supporting Files */,
			);
			path = FindDrTests;
			sourceTree = "<group>";
		};
		A58F73A31A0966F800226385 /* Supporting Files */ = {
			isa = PBXGroup;
			children = (
				E4BBD3441A0AB0EE00E8DDF7 /* MapKit.framework */,
				C375C6081A096C710075CEE4 /* SystemConfiguration.framework */,
				C375C6061A096C5E0075CEE4 /* Social.framework */,
				C375C6041A096C560075CEE4 /* Security.framework */,
				C375C6021A096C480075CEE4 /* QuartzCore.framework */,
				C375C6001A096C3C0075CEE4 /* MobileCoreServices.framework */,
				C375C5FE1A096C320075CEE4 /* CoreLocation.framework */,
				C375C5FC1A096C280075CEE4 /* CoreGraphics.framework */,
				C375C5FA1A096C200075CEE4 /* CFNetwork.framework */,
				C375C5EF1A096AE00075CEE4 /* AudioToolbox.framework */,
				C375C5ED1A096AD50075CEE4 /* AdSupport.framework */,
				C375C5EB1A096AC60075CEE4 /* Accounts.framework */,
				C375C5F11A096BFA0075CEE4 /* Bolts.framework */,
				C375C5F21A096BFA0075CEE4 /* Parse.framework */,
				C375C5F31A096BFA0075CEE4 /* ParseFacebookUtils.framework */,
				A58F73A41A0966F800226385 /* Info.plist */,
			);
			name = "Supporting Files";
			sourceTree = "<group>";
		};
		A5BBA1D81A16761B00BDF698 /* search */ = {
			isa = PBXGroup;
			children = (
				A5BBA1D91A16763800BDF698 /* SearchDoctorViewController.swift */,
				C33861FD1A16B9A90060ADA7 /* Search.h */,
				C33861FE1A16B9A90060ADA7 /* Search.m */,
			);
			name = search;
			sourceTree = "<group>";
		};
		C30AE7681A0D62A000C61111 /* Security */ = {
			isa = PBXGroup;
			children = (
				C30AE7651A0D559500C61111 /* Login.h */,
				C30AE7661A0D559500C61111 /* Login.m */,
			);
			name = Security;
			sourceTree = "<group>";
		};
		C375C60A1A0998BC0075CEE4 /* Data Model */ = {
			isa = PBXGroup;
			children = (
				C375C60B1A0999FB0075CEE4 /* Doctor.h */,
				C375C60C1A0999FB0075CEE4 /* Doctor.m */,
				C375C60E1A099A290075CEE4 /* Clinic.h */,
				C375C60F1A099A290075CEE4 /* Clinic.m */,
				C31122251A0A7B39001A3FF7 /* Schedule.h */,
				C31122261A0A7B39001A3FF7 /* Schedule.m */,
				C31122281A0A7B92001A3FF7 /* Ranking.h */,
				C31122291A0A7B92001A3FF7 /* Ranking.m */,
				C311222B1A0A7BA3001A3FF7 /* Comment.h */,
				C311222C1A0A7BA3001A3FF7 /* Comment.m */,
				C311222E1A0A7C6A001A3FF7 /* Appointment.h */,
				C311222F1A0A7C6A001A3FF7 /* Appointment.m */,
				C31122311A0A7C97001A3FF7 /* Speciality.h */,
				C31122321A0A7C97001A3FF7 /* Speciality.m */,
				C39A98851A0C67B000E43C57 /* Patient.h */,
				C39A98861A0C67B000E43C57 /* Patient.m */,
				C342777B1A156A2700AF9237 /* User.h */,
				C342777C1A156A2700AF9237 /* User.m */,
			);
			name = "Data Model";
			sourceTree = "<group>";
		};
		C3A592211A129C6F00675FA6 /* Settings */ = {
			isa = PBXGroup;
			children = (
				C3A592221A129C9000675FA6 /* DSettings.h */,
				C3A592231A129C9000675FA6 /* DSettings.m */,
			);
			name = Settings;
			sourceTree = "<group>";
		};
		E4AF64841A129740006C24B9 /* AZDraggableAnnotationView */ = {
			isa = PBXGroup;
			children = (
				E4AF64851A12975D006C24B9 /* AZDraggableAnnotationView.h */,
				E4AF64861A12975D006C24B9 /* AZDraggableAnnotationView.m */,
			);
			name = AZDraggableAnnotationView;
			sourceTree = "<group>";
		};
		E4C2CEB71A0BEE8700120F70 /* TPKeyboardAvoiding */ = {
			isa = PBXGroup;
			children = (
				E4C2CEB81A0BEE8700120F70 /* TPKeyboardAvoidingCollectionView.h */,
				E4C2CEB91A0BEE8700120F70 /* TPKeyboardAvoidingCollectionView.m */,
				E4C2CEBA1A0BEE8700120F70 /* TPKeyboardAvoidingScrollView.h */,
				E4C2CEBB1A0BEE8700120F70 /* TPKeyboardAvoidingScrollView.m */,
				E4C2CEBC1A0BEE8700120F70 /* TPKeyboardAvoidingTableView.h */,
				E4C2CEBD1A0BEE8700120F70 /* TPKeyboardAvoidingTableView.m */,
				E4C2CEBE1A0BEE8700120F70 /* UIScrollView+TPKeyboardAvoidingAdditions.h */,
				E4C2CEBF1A0BEE8700120F70 /* UIScrollView+TPKeyboardAvoidingAdditions.m */,
			);
			path = TPKeyboardAvoiding;
			sourceTree = "<group>";
		};
		E4DA5D0C1A0D7BB700C4FCAB /* Pickers */ = {
			isa = PBXGroup;
			children = (
				E4DA5D0D1A0D7BB700C4FCAB /* AbstractActionSheetPicker.h */,
				E4DA5D0E1A0D7BB700C4FCAB /* AbstractActionSheetPicker.m */,
				E4DA5D0F1A0D7BB700C4FCAB /* ActionSheetCustomPicker.h */,
				E4DA5D101A0D7BB700C4FCAB /* ActionSheetCustomPicker.m */,
				E4DA5D111A0D7BB700C4FCAB /* ActionSheetCustomPickerDelegate.h */,
				E4DA5D121A0D7BB700C4FCAB /* ActionSheetDatePicker.h */,
				E4DA5D131A0D7BB700C4FCAB /* ActionSheetDatePicker.m */,
				E4DA5D141A0D7BB700C4FCAB /* ActionSheetDistancePicker.h */,
				E4DA5D151A0D7BB700C4FCAB /* ActionSheetDistancePicker.m */,
				E4DA5D161A0D7BB700C4FCAB /* ActionSheetLocalePicker.h */,
				E4DA5D171A0D7BB700C4FCAB /* ActionSheetLocalePicker.m */,
				E4DA5D181A0D7BB700C4FCAB /* ActionSheetStringPicker.h */,
				E4DA5D191A0D7BB700C4FCAB /* ActionSheetStringPicker.m */,
				E4DA5D1A1A0D7BB700C4FCAB /* DistancePickerView.h */,
				E4DA5D1B1A0D7BB700C4FCAB /* DistancePickerView.m */,
				E4DA5D1C1A0D7BB700C4FCAB /* SWActionSheet.h */,
				E4DA5D1D1A0D7BB700C4FCAB /* SWActionSheet.m */,
			);
			path = Pickers;
			sourceTree = "<group>";
		};
		E4DA5D261A0D7BDC00C4FCAB /* TextFieldValidator */ = {
			isa = PBXGroup;
			children = (
				E4DA5D271A0D7BF200C4FCAB /* TextFieldValidator.h */,
				E4DA5D281A0D7BF200C4FCAB /* TextFieldValidator.m */,
			);
			name = TextFieldValidator;
			sourceTree = "<group>";
		};
/* End PBXGroup section */

/* Begin PBXNativeTarget section */
		A58F73821A0966F800226385 /* FindDr */ = {
			isa = PBXNativeTarget;
			buildConfigurationList = A58F73A91A0966F800226385 /* Build configuration list for PBXNativeTarget "FindDr" */;
			buildPhases = (
				A58F737F1A0966F800226385 /* Sources */,
				A58F73801A0966F800226385 /* Frameworks */,
				A58F73811A0966F800226385 /* Resources */,
			);
			buildRules = (
			);
			dependencies = (
			);
			name = FindDr;
			productName = FindDr;
			productReference = A58F73831A0966F800226385 /* FindDr.app */;
			productType = "com.apple.product-type.application";
		};
		A58F739E1A0966F800226385 /* FindDrTests */ = {
			isa = PBXNativeTarget;
			buildConfigurationList = A58F73AC1A0966F800226385 /* Build configuration list for PBXNativeTarget "FindDrTests" */;
			buildPhases = (
				A58F739B1A0966F800226385 /* Sources */,
				A58F739C1A0966F800226385 /* Frameworks */,
				A58F739D1A0966F800226385 /* Resources */,
			);
			buildRules = (
			);
			dependencies = (
				A58F73A11A0966F800226385 /* PBXTargetDependency */,
			);
			name = FindDrTests;
			productName = FindDrTests;
			productReference = A58F739F1A0966F800226385 /* FindDrTests.xctest */;
			productType = "com.apple.product-type.bundle.unit-test";
		};
/* End PBXNativeTarget section */

/* Begin PBXProject section */
		A58F737B1A0966F800226385 /* Project object */ = {
			isa = PBXProject;
			attributes = {
				LastUpgradeCheck = 0610;
				ORGANIZATIONNAME = FindDr;
				TargetAttributes = {
					A58F73821A0966F800226385 = {
						CreatedOnToolsVersion = 6.1;
					};
					A58F739E1A0966F800226385 = {
						CreatedOnToolsVersion = 6.1;
						TestTargetID = A58F73821A0966F800226385;
					};
				};
			};
			buildConfigurationList = A58F737E1A0966F800226385 /* Build configuration list for PBXProject "FindDr" */;
			compatibilityVersion = "Xcode 3.2";
			developmentRegion = English;
			hasScannedForEncodings = 0;
			knownRegions = (
				en,
				Base,
			);
			mainGroup = A58F737A1A0966F800226385;
			productRefGroup = A58F73841A0966F800226385 /* Products */;
			projectDirPath = "";
			projectRoot = "";
			targets = (
				A58F73821A0966F800226385 /* FindDr */,
				A58F739E1A0966F800226385 /* FindDrTests */,
			);
		};
/* End PBXProject section */

/* Begin PBXResourcesBuildPhase section */
		A58F73811A0966F800226385 /* Resources */ = {
			isa = PBXResourcesBuildPhase;
			buildActionMask = 2147483647;
			files = (
				A555670C1A0ACBD100B9CDAF /* doc.png in Resources */,
				E4DA5D2B1A0D7C1100C4FCAB /* error@2x.png in Resources */,
				A55567151A0AD27400B9CDAF /* background3.png in Resources */,
				E44873BA1A0B00700036CAFF /* user.png in Resources */,
				E4AF648B1A129887006C24B9 /* draggable_annotation_icon@2x.png in Resources */,
				A58F73951A0966F800226385 /* Main.storyboard in Resources */,
				A55567041A0ABC7500B9CDAF /* lupa.png in Resources */,
				C342777A1A15360D00AF9237 /* Logout-32.png in Resources */,
				A555670D1A0ACBD100B9CDAF /* pacient.png in Resources */,
				A58F739A1A0966F800226385 /* LaunchScreen.xib in Resources */,
				A58F73971A0966F800226385 /* Images.xcassets in Resources */,
				E4AF648A1A129887006C24B9 /* draggable_annotation_icon.png in Resources */,
				E44873B81A0B00640036CAFF /* clinic.png in Resources */,
			);
			runOnlyForDeploymentPostprocessing = 0;
		};
		A58F739D1A0966F800226385 /* Resources */ = {
			isa = PBXResourcesBuildPhase;
			buildActionMask = 2147483647;
			files = (
			);
			runOnlyForDeploymentPostprocessing = 0;
		};
/* End PBXResourcesBuildPhase section */

/* Begin PBXSourcesBuildPhase section */
		A58F737F1A0966F800226385 /* Sources */ = {
			isa = PBXSourcesBuildPhase;
			buildActionMask = 2147483647;
			files = (
				E4DA5D211A0D7BB700C4FCAB /* ActionSheetDistancePicker.m in Sources */,
				E4DA5D251A0D7BB700C4FCAB /* SWActionSheet.m in Sources */,
				E4DA5D231A0D7BB700C4FCAB /* ActionSheetStringPicker.m in Sources */,
				C375C60D1A0999FB0075CEE4 /* Doctor.m in Sources */,
				C3A5922A1A12CDB500675FA6 /* LoginViewController.m in Sources */,
				C30AE7671A0D559500C61111 /* Login.m in Sources */,
				C31122271A0A7B39001A3FF7 /* Schedule.m in Sources */,
				A51313F31A13F6500079FFFE /* CalendarCell.swift in Sources */,
				E4AF64871A12975D006C24B9 /* AZDraggableAnnotationView.m in Sources */,
				E4C2CEC31A0BEE8700120F70 /* UIScrollView+TPKeyboardAvoidingAdditions.m in Sources */,
				C3A592201A1287DA00675FA6 /* DValidator.m in Sources */,
				E4C2CEC01A0BEE8700120F70 /* TPKeyboardAvoidingCollectionView.m in Sources */,
				C31122301A0A7C6A001A3FF7 /* Appointment.m in Sources */,
				E4DA5D291A0D7BF200C4FCAB /* TextFieldValidator.m in Sources */,
				A55567251A0AE93D00B9CDAF /* TextField.swift in Sources */,
				E4DA5D1F1A0D7BB700C4FCAB /* ActionSheetCustomPicker.m in Sources */,
				A55567271A0AE9BF00B9CDAF /* UIColorExtension.swift in Sources */,
				C39A98871A0C67B000E43C57 /* Patient.m in Sources */,
				C3A592241A129C9000675FA6 /* DSettings.m in Sources */,
				C3A592191A127DD200675FA6 /* AppDelegate.m in Sources */,
				A51313F41A13F6500079FFFE /* CallendarViewController.swift in Sources */,
				E42ECE691A099A0A005E320E /* SignUpViewController.m in Sources */,
				E4C2CEC21A0BEE8700120F70 /* TPKeyboardAvoidingTableView.m in Sources */,
				E4DA5D1E1A0D7BB700C4FCAB /* AbstractActionSheetPicker.m in Sources */,
				A5BBA1DA1A16763800BDF698 /* SearchDoctorViewController.swift in Sources */,
				E4DA5D201A0D7BB700C4FCAB /* ActionSheetDatePicker.m in Sources */,
				E4BBD3431A0AAF2C00E8DDF7 /* MapViewViewController.m in Sources */,
				E42ECE6C1A09A381005E320E /* ShowClinicsViewController.m in Sources */,
				E4BBD3401A0AAB9500E8DDF7 /* ClinicViewController.m in Sources */,
				C342777D1A156A2700AF9237 /* User.m in Sources */,
				E4DA5D241A0D7BB700C4FCAB /* DistancePickerView.m in Sources */,
				A58F73921A0966F800226385 /* ViewController.m in Sources */,
				C3A592301A12ED6700675FA6 /* DrInboxViewController.m in Sources */,
				C3FFD8C11A13BB8100D30DED /* AppGenInfoViewController.m in Sources */,
				E4DA5D221A0D7BB700C4FCAB /* ActionSheetLocalePicker.m in Sources */,
				C33861FF1A16B9A90060ADA7 /* Search.m in Sources */,
				A58F738F1A0966F800226385 /* FindDr.xcdatamodeld in Sources */,
				C311222A1A0A7B92001A3FF7 /* Ranking.m in Sources */,
				C31122331A0A7C97001A3FF7 /* Speciality.m in Sources */,
				C311222D1A0A7BA3001A3FF7 /* Comment.m in Sources */,
				E4C2CEB61A0BDD5300120F70 /* main.m in Sources */,
				E4C2CEC11A0BEE8700120F70 /* TPKeyboardAvoidingScrollView.m in Sources */,
				C375C6101A099A290075CEE4 /* Clinic.m in Sources */,
			);
			runOnlyForDeploymentPostprocessing = 0;
		};
		A58F739B1A0966F800226385 /* Sources */ = {
			isa = PBXSourcesBuildPhase;
			buildActionMask = 2147483647;
			files = (
				A58F73A61A0966F800226385 /* FindDrTests.m in Sources */,
			);
			runOnlyForDeploymentPostprocessing = 0;
		};
/* End PBXSourcesBuildPhase section */

/* Begin PBXTargetDependency section */
		A58F73A11A0966F800226385 /* PBXTargetDependency */ = {
			isa = PBXTargetDependency;
			target = A58F73821A0966F800226385 /* FindDr */;
			targetProxy = A58F73A01A0966F800226385 /* PBXContainerItemProxy */;
		};
/* End PBXTargetDependency section */

/* Begin PBXVariantGroup section */
		A58F73931A0966F800226385 /* Main.storyboard */ = {
			isa = PBXVariantGroup;
			children = (
				A58F73941A0966F800226385 /* Base */,
			);
			name = Main.storyboard;
			sourceTree = "<group>";
		};
		A58F73981A0966F800226385 /* LaunchScreen.xib */ = {
			isa = PBXVariantGroup;
			children = (
				A58F73991A0966F800226385 /* Base */,
			);
			name = LaunchScreen.xib;
			sourceTree = "<group>";
		};
/* End PBXVariantGroup section */

/* Begin XCBuildConfiguration section */
		A58F73A71A0966F800226385 /* Debug */ = {
			isa = XCBuildConfiguration;
			buildSettings = {
				ALWAYS_SEARCH_USER_PATHS = NO;
				CLANG_CXX_LANGUAGE_STANDARD = "gnu++0x";
				CLANG_CXX_LIBRARY = "libc++";
				CLANG_ENABLE_MODULES = YES;
				CLANG_ENABLE_OBJC_ARC = YES;
				CLANG_WARN_BOOL_CONVERSION = YES;
				CLANG_WARN_CONSTANT_CONVERSION = YES;
				CLANG_WARN_DIRECT_OBJC_ISA_USAGE = YES_ERROR;
				CLANG_WARN_EMPTY_BODY = YES;
				CLANG_WARN_ENUM_CONVERSION = YES;
				CLANG_WARN_INT_CONVERSION = YES;
				CLANG_WARN_OBJC_ROOT_CLASS = YES_ERROR;
				CLANG_WARN_UNREACHABLE_CODE = YES;
				CLANG_WARN__DUPLICATE_METHOD_MATCH = YES;
				"CODE_SIGN_IDENTITY[sdk=iphoneos*]" = "iPhone Developer";
				COPY_PHASE_STRIP = NO;
				ENABLE_STRICT_OBJC_MSGSEND = YES;
				GCC_C_LANGUAGE_STANDARD = gnu99;
				GCC_DYNAMIC_NO_PIC = NO;
				GCC_OPTIMIZATION_LEVEL = 0;
				GCC_PREPROCESSOR_DEFINITIONS = (
					"DEBUG=1",
					"$(inherited)",
				);
				GCC_SYMBOLS_PRIVATE_EXTERN = NO;
				GCC_WARN_64_TO_32_BIT_CONVERSION = YES;
				GCC_WARN_ABOUT_RETURN_TYPE = YES_ERROR;
				GCC_WARN_UNDECLARED_SELECTOR = YES;
				GCC_WARN_UNINITIALIZED_AUTOS = YES_AGGRESSIVE;
				GCC_WARN_UNUSED_FUNCTION = YES;
				GCC_WARN_UNUSED_VARIABLE = YES;
				IPHONEOS_DEPLOYMENT_TARGET = 8.1;
				MTL_ENABLE_DEBUG_INFO = YES;
				ONLY_ACTIVE_ARCH = YES;
				SDKROOT = iphoneos;
			};
			name = Debug;
		};
		A58F73A81A0966F800226385 /* Release */ = {
			isa = XCBuildConfiguration;
			buildSettings = {
				ALWAYS_SEARCH_USER_PATHS = NO;
				CLANG_CXX_LANGUAGE_STANDARD = "gnu++0x";
				CLANG_CXX_LIBRARY = "libc++";
				CLANG_ENABLE_MODULES = YES;
				CLANG_ENABLE_OBJC_ARC = YES;
				CLANG_WARN_BOOL_CONVERSION = YES;
				CLANG_WARN_CONSTANT_CONVERSION = YES;
				CLANG_WARN_DIRECT_OBJC_ISA_USAGE = YES_ERROR;
				CLANG_WARN_EMPTY_BODY = YES;
				CLANG_WARN_ENUM_CONVERSION = YES;
				CLANG_WARN_INT_CONVERSION = YES;
				CLANG_WARN_OBJC_ROOT_CLASS = YES_ERROR;
				CLANG_WARN_UNREACHABLE_CODE = YES;
				CLANG_WARN__DUPLICATE_METHOD_MATCH = YES;
				"CODE_SIGN_IDENTITY[sdk=iphoneos*]" = "iPhone Developer";
				COPY_PHASE_STRIP = YES;
				ENABLE_NS_ASSERTIONS = NO;
				ENABLE_STRICT_OBJC_MSGSEND = YES;
				GCC_C_LANGUAGE_STANDARD = gnu99;
				GCC_WARN_64_TO_32_BIT_CONVERSION = YES;
				GCC_WARN_ABOUT_RETURN_TYPE = YES_ERROR;
				GCC_WARN_UNDECLARED_SELECTOR = YES;
				GCC_WARN_UNINITIALIZED_AUTOS = YES_AGGRESSIVE;
				GCC_WARN_UNUSED_FUNCTION = YES;
				GCC_WARN_UNUSED_VARIABLE = YES;
				IPHONEOS_DEPLOYMENT_TARGET = 8.1;
				MTL_ENABLE_DEBUG_INFO = NO;
				SDKROOT = iphoneos;
				VALIDATE_PRODUCT = YES;
			};
			name = Release;
		};
		A58F73AA1A0966F800226385 /* Debug */ = {
			isa = XCBuildConfiguration;
			buildSettings = {
				ASSETCATALOG_COMPILER_APPICON_NAME = AppIcon;
				ASSETCATALOG_COMPILER_LAUNCHIMAGE_NAME = LaunchImage;
				CLANG_ENABLE_MODULES = YES;
				FRAMEWORK_SEARCH_PATHS = (
					"$(inherited)",
					"$(PROJECT_DIR)/FindDrTests",
				);
				INFOPLIST_FILE = FindDr/Info.plist;
				IPHONEOS_DEPLOYMENT_TARGET = 7.1;
				LD_RUNPATH_SEARCH_PATHS = "$(inherited) @executable_path/Frameworks";
				PRODUCT_NAME = "$(TARGET_NAME)";
				SWIFT_OBJC_BRIDGING_HEADER = "FindDr-Bridging-Header.h";
				SWIFT_OPTIMIZATION_LEVEL = "-Onone";
			};
			name = Debug;
		};
		A58F73AB1A0966F800226385 /* Release */ = {
			isa = XCBuildConfiguration;
			buildSettings = {
				ASSETCATALOG_COMPILER_APPICON_NAME = AppIcon;
				ASSETCATALOG_COMPILER_LAUNCHIMAGE_NAME = LaunchImage;
				CLANG_ENABLE_MODULES = YES;
				FRAMEWORK_SEARCH_PATHS = (
					"$(inherited)",
					"$(PROJECT_DIR)/FindDrTests",
				);
				INFOPLIST_FILE = FindDr/Info.plist;
				IPHONEOS_DEPLOYMENT_TARGET = 7.1;
				LD_RUNPATH_SEARCH_PATHS = "$(inherited) @executable_path/Frameworks";
				PRODUCT_NAME = "$(TARGET_NAME)";
				SWIFT_OBJC_BRIDGING_HEADER = "FindDr-Bridging-Header.h";
			};
			name = Release;
		};
		A58F73AD1A0966F800226385 /* Debug */ = {
			isa = XCBuildConfiguration;
			buildSettings = {
				BUNDLE_LOADER = "$(TEST_HOST)";
				FRAMEWORK_SEARCH_PATHS = (
					"$(SDKROOT)/Developer/Library/Frameworks",
					"$(inherited)",
					"$(PROJECT_DIR)/FindDrTests",
				);
				GCC_PREPROCESSOR_DEFINITIONS = (
					"DEBUG=1",
					"$(inherited)",
				);
				INFOPLIST_FILE = FindDrTests/Info.plist;
				LD_RUNPATH_SEARCH_PATHS = "$(inherited) @executable_path/Frameworks @loader_path/Frameworks";
				PRODUCT_NAME = "$(TARGET_NAME)";
				TEST_HOST = "$(BUILT_PRODUCTS_DIR)/FindDr.app/FindDr";
			};
			name = Debug;
		};
		A58F73AE1A0966F800226385 /* Release */ = {
			isa = XCBuildConfiguration;
			buildSettings = {
				BUNDLE_LOADER = "$(TEST_HOST)";
				FRAMEWORK_SEARCH_PATHS = (
					"$(SDKROOT)/Developer/Library/Frameworks",
					"$(inherited)",
					"$(PROJECT_DIR)/FindDrTests",
				);
				INFOPLIST_FILE = FindDrTests/Info.plist;
				LD_RUNPATH_SEARCH_PATHS = "$(inherited) @executable_path/Frameworks @loader_path/Frameworks";
				PRODUCT_NAME = "$(TARGET_NAME)";
				TEST_HOST = "$(BUILT_PRODUCTS_DIR)/FindDr.app/FindDr";
			};
			name = Release;
		};
/* End XCBuildConfiguration section */

/* Begin XCConfigurationList section */
		A58F737E1A0966F800226385 /* Build configuration list for PBXProject "FindDr" */ = {
			isa = XCConfigurationList;
			buildConfigurations = (
				A58F73A71A0966F800226385 /* Debug */,
				A58F73A81A0966F800226385 /* Release */,
			);
			defaultConfigurationIsVisible = 0;
			defaultConfigurationName = Release;
		};
		A58F73A91A0966F800226385 /* Build configuration list for PBXNativeTarget "FindDr" */ = {
			isa = XCConfigurationList;
			buildConfigurations = (
				A58F73AA1A0966F800226385 /* Debug */,
				A58F73AB1A0966F800226385 /* Release */,
			);
			defaultConfigurationIsVisible = 0;
			defaultConfigurationName = Release;
		};
		A58F73AC1A0966F800226385 /* Build configuration list for PBXNativeTarget "FindDrTests" */ = {
			isa = XCConfigurationList;
			buildConfigurations = (
				A58F73AD1A0966F800226385 /* Debug */,
				A58F73AE1A0966F800226385 /* Release */,
			);
			defaultConfigurationIsVisible = 0;
			defaultConfigurationName = Release;
		};
/* End XCConfigurationList section */

/* Begin XCVersionGroup section */
		A58F738D1A0966F800226385 /* FindDr.xcdatamodeld */ = {
			isa = XCVersionGroup;
			children = (
				A58F738E1A0966F800226385 /* FindDr.xcdatamodel */,
			);
			currentVersion = A58F738E1A0966F800226385 /* FindDr.xcdatamodel */;
			path = FindDr.xcdatamodeld;
			sourceTree = "<group>";
			versionGroupType = wrapper.xcdatamodel;
		};
/* End XCVersionGroup section */
	};
	rootObject = A58F737B1A0966F800226385 /* Project object */;
}
